// !$*UTF8*$!
{
	archiveVersion = 1;
	classes = {
	};
	objectVersion = 46;
	objects = {

/* Begin PBXBuildFile section */
		FE615D141D1D359600AECD76 /* NSObject+VDHook.m in Sources */ = {isa = PBXBuildFile; fileRef = FE615D131D1D359600AECD76 /* NSObject+VDHook.m */; };
		FE615D3C1D20D11C00AECD76 /* VDSocketClient.m in Sources */ = {isa = PBXBuildFile; fileRef = FE615D3B1D20D11C00AECD76 /* VDSocketClient.m */; };
		FE85654F1D1149B400B72111 /* CALayer+VDEnhance.m in Sources */ = {isa = PBXBuildFile; fileRef = FE85651D1D1149B400B72111 /* CALayer+VDEnhance.m */; };
		FE8565501D1149B400B72111 /* NSDictionary+VDEnhance.m in Sources */ = {isa = PBXBuildFile; fileRef = FE8565221D1149B400B72111 /* NSDictionary+VDEnhance.m */; };
		FE8565511D1149B400B72111 /* NSObject+VDEnhance.m in Sources */ = {isa = PBXBuildFile; fileRef = FE8565251D1149B400B72111 /* NSObject+VDEnhance.m */; };
		FE8565521D1149B400B72111 /* VDDelayOperation.m in Sources */ = {isa = PBXBuildFile; fileRef = FE8565281D1149B400B72111 /* VDDelayOperation.m */; };
		FE8565531D1149B400B72111 /* NSString+VDEnhance.m in Sources */ = {isa = PBXBuildFile; fileRef = FE85652B1D1149B400B72111 /* NSString+VDEnhance.m */; };
		FE8565541D1149B400B72111 /* NSString+VDJavaScript.m in Sources */ = {isa = PBXBuildFile; fileRef = FE85652D1D1149B400B72111 /* NSString+VDJavaScript.m */; };
		FE8565551D1149B400B72111 /* NSString+VDRegex.m in Sources */ = {isa = PBXBuildFile; fileRef = FE85652F1D1149B400B72111 /* NSString+VDRegex.m */; };
		FE8565561D1149B400B72111 /* UIApplication+VDEnhance.m in Sources */ = {isa = PBXBuildFile; fileRef = FE8565321D1149B400B72111 /* UIApplication+VDEnhance.m */; };
		FE8565571D1149B400B72111 /* UICollectionViewCell+VDEnhance.m in Sources */ = {isa = PBXBuildFile; fileRef = FE8565351D1149B400B72111 /* UICollectionViewCell+VDEnhance.m */; };
		FE8565581D1149B400B72111 /* UIColor+VDEnhance.m in Sources */ = {isa = PBXBuildFile; fileRef = FE8565381D1149B400B72111 /* UIColor+VDEnhance.m */; };
		FE8565591D1149B400B72111 /* UIImage+VDEnhance.m in Sources */ = {isa = PBXBuildFile; fileRef = FE85653B1D1149B400B72111 /* UIImage+VDEnhance.m */; };
		FE85655A1D1149B400B72111 /* UILabel+VDEnhance.m in Sources */ = {isa = PBXBuildFile; fileRef = FE85653E1D1149B400B72111 /* UILabel+VDEnhance.m */; };
		FE85655B1D1149B400B72111 /* UILabel+VDVerticalAlignment.m in Sources */ = {isa = PBXBuildFile; fileRef = FE8565401D1149B400B72111 /* UILabel+VDVerticalAlignment.m */; };
		FE85655C1D1149B400B72111 /* UIScrollView+VDEnhance.m in Sources */ = {isa = PBXBuildFile; fileRef = FE8565431D1149B400B72111 /* UIScrollView+VDEnhance.m */; };
		FE85655D1D1149B400B72111 /* UIView+VDConstraint.m in Sources */ = {isa = PBXBuildFile; fileRef = FE8565461D1149B400B72111 /* UIView+VDConstraint.m */; };
		FE85655E1D1149B400B72111 /* UIView+VDEnhance.m in Sources */ = {isa = PBXBuildFile; fileRef = FE8565481D1149B400B72111 /* UIView+VDEnhance.m */; };
		FE85655F1D1149B400B72111 /* UIView+VDFrame.m in Sources */ = {isa = PBXBuildFile; fileRef = FE85654A1D1149B400B72111 /* UIView+VDFrame.m */; };
		FE8565601D1149B400B72111 /* UIViewController+VDEnhance.m in Sources */ = {isa = PBXBuildFile; fileRef = FE85654D1D1149B400B72111 /* UIViewController+VDEnhance.m */; };
		FE85656D1D123B9900B72111 /* UIView+VDGesture.m in Sources */ = {isa = PBXBuildFile; fileRef = FE85656C1D123B9900B72111 /* UIView+VDGesture.m */; };
		FE8565731D12474F00B72111 /* VDRouter.m in Sources */ = {isa = PBXBuildFile; fileRef = FE8565701D12474F00B72111 /* VDRouter.m */; };
		FE8565741D12474F00B72111 /* VDRouterNavigationViewController.m in Sources */ = {isa = PBXBuildFile; fileRef = FE8565721D12474F00B72111 /* VDRouterNavigationViewController.m */; };
		FE8565771D12484000B72111 /* UIViewController+VDRouter.m in Sources */ = {isa = PBXBuildFile; fileRef = FE8565761D12484000B72111 /* UIViewController+VDRouter.m */; };
		FE85657C1D12777A00B72111 /* VDFingerPrintViewController.m in Sources */ = {isa = PBXBuildFile; fileRef = FE85657B1D12777A00B72111 /* VDFingerPrintViewController.m */; };
		FE8565801D12834100B72111 /* VDHook.m in Sources */ = {isa = PBXBuildFile; fileRef = FE85657F1D12834100B72111 /* VDHook.m */; };
		FE8565831D12892800B72111 /* Aspects.m in Sources */ = {isa = PBXBuildFile; fileRef = FE8565821D12892800B72111 /* Aspects.m */; };
		FEA867071D12B0340059C59F /* VDHookRecorder.m in Sources */ = {isa = PBXBuildFile; fileRef = FEA867061D12B0340059C59F /* VDHookRecorder.m */; };
		FEA8670A1D1383C50059C59F /* VDHookElement.m in Sources */ = {isa = PBXBuildFile; fileRef = FEA867091D1383C50059C59F /* VDHookElement.m */; };
		FEA867161D13C2350059C59F /* VDHookInvocationInfo.m in Sources */ = {isa = PBXBuildFile; fileRef = FEA867151D13C2350059C59F /* VDHookInvocationInfo.m */; };
		FED41BA11D06AD0100A883AB /* main.m in Sources */ = {isa = PBXBuildFile; fileRef = FED41BA01D06AD0100A883AB /* main.m */; };
		FED41BA41D06AD0100A883AB /* AppDelegate.m in Sources */ = {isa = PBXBuildFile; fileRef = FED41BA31D06AD0100A883AB /* AppDelegate.m */; };
		FED41BA71D06AD0100A883AB /* ViewController.m in Sources */ = {isa = PBXBuildFile; fileRef = FED41BA61D06AD0100A883AB /* ViewController.m */; };
		FED41BAA1D06AD0100A883AB /* Main.storyboard in Resources */ = {isa = PBXBuildFile; fileRef = FED41BA81D06AD0100A883AB /* Main.storyboard */; };
		FED41BAC1D06AD0100A883AB /* Assets.xcassets in Resources */ = {isa = PBXBuildFile; fileRef = FED41BAB1D06AD0100A883AB /* Assets.xcassets */; };
		FED41BAF1D06AD0100A883AB /* LaunchScreen.storyboard in Resources */ = {isa = PBXBuildFile; fileRef = FED41BAD1D06AD0100A883AB /* LaunchScreen.storyboard */; };
		FEE7D4FA1D07BAE5008CEC98 /* objcTempUtilities.podspec in Resources */ = {isa = PBXBuildFile; fileRef = FEE7D4F81D07BAE5008CEC98 /* objcTempUtilities.podspec */; };
		FEE7D4FB1D07BAE5008CEC98 /* README.md in Sources */ = {isa = PBXBuildFile; fileRef = FEE7D4F91D07BAE5008CEC98 /* README.md */; };
/* End PBXBuildFile section */

/* Begin PBXFileReference section */
		FE615D121D1D359600AECD76 /* NSObject+VDHook.h */ = {isa = PBXFileReference; fileEncoding = 4; lastKnownFileType = sourcecode.c.h; path = "NSObject+VDHook.h"; sourceTree = "<group>"; };
		FE615D131D1D359600AECD76 /* NSObject+VDHook.m */ = {isa = PBXFileReference; fileEncoding = 4; lastKnownFileType = sourcecode.c.objc; path = "NSObject+VDHook.m"; sourceTree = "<group>"; };
		FE615D3A1D20D11C00AECD76 /* VDSocketClient.h */ = {isa = PBXFileReference; fileEncoding = 4; lastKnownFileType = sourcecode.c.h; path = VDSocketClient.h; sourceTree = "<group>"; };
		FE615D3B1D20D11C00AECD76 /* VDSocketClient.m */ = {isa = PBXFileReference; fileEncoding = 4; lastKnownFileType = sourcecode.c.objc; path = VDSocketClient.m; sourceTree = "<group>"; };
		FE85651C1D1149B400B72111 /* CALayer+VDEnhance.h */ = {isa = PBXFileReference; fileEncoding = 4; lastKnownFileType = sourcecode.c.h; path = "CALayer+VDEnhance.h"; sourceTree = "<group>"; };
		FE85651D1D1149B400B72111 /* CALayer+VDEnhance.m */ = {isa = PBXFileReference; fileEncoding = 4; lastKnownFileType = sourcecode.c.objc; path = "CALayer+VDEnhance.m"; sourceTree = "<group>"; };
		FE85651F1D1149B400B72111 /* VDMacros.h */ = {isa = PBXFileReference; fileEncoding = 4; lastKnownFileType = sourcecode.c.h; path = VDMacros.h; sourceTree = "<group>"; };
		FE8565211D1149B400B72111 /* NSDictionary+VDEnhance.h */ = {isa = PBXFileReference; fileEncoding = 4; lastKnownFileType = sourcecode.c.h; path = "NSDictionary+VDEnhance.h"; sourceTree = "<group>"; };
		FE8565221D1149B400B72111 /* NSDictionary+VDEnhance.m */ = {isa = PBXFileReference; fileEncoding = 4; lastKnownFileType = sourcecode.c.objc; path = "NSDictionary+VDEnhance.m"; sourceTree = "<group>"; };
		FE8565241D1149B400B72111 /* NSObject+VDEnhance.h */ = {isa = PBXFileReference; fileEncoding = 4; lastKnownFileType = sourcecode.c.h; path = "NSObject+VDEnhance.h"; sourceTree = "<group>"; };
		FE8565251D1149B400B72111 /* NSObject+VDEnhance.m */ = {isa = PBXFileReference; fileEncoding = 4; lastKnownFileType = sourcecode.c.objc; path = "NSObject+VDEnhance.m"; sourceTree = "<group>"; };
		FE8565271D1149B400B72111 /* VDDelayOperation.h */ = {isa = PBXFileReference; fileEncoding = 4; lastKnownFileType = sourcecode.c.h; path = VDDelayOperation.h; sourceTree = "<group>"; };
		FE8565281D1149B400B72111 /* VDDelayOperation.m */ = {isa = PBXFileReference; fileEncoding = 4; lastKnownFileType = sourcecode.c.objc; path = VDDelayOperation.m; sourceTree = "<group>"; };
		FE85652A1D1149B400B72111 /* NSString+VDEnhance.h */ = {isa = PBXFileReference; fileEncoding = 4; lastKnownFileType = sourcecode.c.h; path = "NSString+VDEnhance.h"; sourceTree = "<group>"; };
		FE85652B1D1149B400B72111 /* NSString+VDEnhance.m */ = {isa = PBXFileReference; fileEncoding = 4; lastKnownFileType = sourcecode.c.objc; path = "NSString+VDEnhance.m"; sourceTree = "<group>"; };
		FE85652C1D1149B400B72111 /* NSString+VDJavaScript.h */ = {isa = PBXFileReference; fileEncoding = 4; lastKnownFileType = sourcecode.c.h; path = "NSString+VDJavaScript.h"; sourceTree = "<group>"; };
		FE85652D1D1149B400B72111 /* NSString+VDJavaScript.m */ = {isa = PBXFileReference; fileEncoding = 4; lastKnownFileType = sourcecode.c.objc; path = "NSString+VDJavaScript.m"; sourceTree = "<group>"; };
		FE85652E1D1149B400B72111 /* NSString+VDRegex.h */ = {isa = PBXFileReference; fileEncoding = 4; lastKnownFileType = sourcecode.c.h; path = "NSString+VDRegex.h"; sourceTree = "<group>"; };
		FE85652F1D1149B400B72111 /* NSString+VDRegex.m */ = {isa = PBXFileReference; fileEncoding = 4; lastKnownFileType = sourcecode.c.objc; path = "NSString+VDRegex.m"; sourceTree = "<group>"; };
		FE8565311D1149B400B72111 /* UIApplication+VDEnhance.h */ = {isa = PBXFileReference; fileEncoding = 4; lastKnownFileType = sourcecode.c.h; path = "UIApplication+VDEnhance.h"; sourceTree = "<group>"; };
		FE8565321D1149B400B72111 /* UIApplication+VDEnhance.m */ = {isa = PBXFileReference; fileEncoding = 4; lastKnownFileType = sourcecode.c.objc; path = "UIApplication+VDEnhance.m"; sourceTree = "<group>"; };
		FE8565341D1149B400B72111 /* UICollectionViewCell+VDEnhance.h */ = {isa = PBXFileReference; fileEncoding = 4; lastKnownFileType = sourcecode.c.h; path = "UICollectionViewCell+VDEnhance.h"; sourceTree = "<group>"; };
		FE8565351D1149B400B72111 /* UICollectionViewCell+VDEnhance.m */ = {isa = PBXFileReference; fileEncoding = 4; lastKnownFileType = sourcecode.c.objc; path = "UICollectionViewCell+VDEnhance.m"; sourceTree = "<group>"; };
		FE8565371D1149B400B72111 /* UIColor+VDEnhance.h */ = {isa = PBXFileReference; fileEncoding = 4; lastKnownFileType = sourcecode.c.h; path = "UIColor+VDEnhance.h"; sourceTree = "<group>"; };
		FE8565381D1149B400B72111 /* UIColor+VDEnhance.m */ = {isa = PBXFileReference; fileEncoding = 4; lastKnownFileType = sourcecode.c.objc; path = "UIColor+VDEnhance.m"; sourceTree = "<group>"; };
		FE85653A1D1149B400B72111 /* UIImage+VDEnhance.h */ = {isa = PBXFileReference; fileEncoding = 4; lastKnownFileType = sourcecode.c.h; path = "UIImage+VDEnhance.h"; sourceTree = "<group>"; };
		FE85653B1D1149B400B72111 /* UIImage+VDEnhance.m */ = {isa = PBXFileReference; fileEncoding = 4; lastKnownFileType = sourcecode.c.objc; path = "UIImage+VDEnhance.m"; sourceTree = "<group>"; };
		FE85653D1D1149B400B72111 /* UILabel+VDEnhance.h */ = {isa = PBXFileReference; fileEncoding = 4; lastKnownFileType = sourcecode.c.h; path = "UILabel+VDEnhance.h"; sourceTree = "<group>"; };
		FE85653E1D1149B400B72111 /* UILabel+VDEnhance.m */ = {isa = PBXFileReference; fileEncoding = 4; lastKnownFileType = sourcecode.c.objc; path = "UILabel+VDEnhance.m"; sourceTree = "<group>"; };
		FE85653F1D1149B400B72111 /* UILabel+VDVerticalAlignment.h */ = {isa = PBXFileReference; fileEncoding = 4; lastKnownFileType = sourcecode.c.h; path = "UILabel+VDVerticalAlignment.h"; sourceTree = "<group>"; };
		FE8565401D1149B400B72111 /* UILabel+VDVerticalAlignment.m */ = {isa = PBXFileReference; fileEncoding = 4; lastKnownFileType = sourcecode.c.objc; path = "UILabel+VDVerticalAlignment.m"; sourceTree = "<group>"; };
		FE8565421D1149B400B72111 /* UIScrollView+VDEnhance.h */ = {isa = PBXFileReference; fileEncoding = 4; lastKnownFileType = sourcecode.c.h; path = "UIScrollView+VDEnhance.h"; sourceTree = "<group>"; };
		FE8565431D1149B400B72111 /* UIScrollView+VDEnhance.m */ = {isa = PBXFileReference; fileEncoding = 4; lastKnownFileType = sourcecode.c.objc; path = "UIScrollView+VDEnhance.m"; sourceTree = "<group>"; };
		FE8565451D1149B400B72111 /* UIView+VDConstraint.h */ = {isa = PBXFileReference; fileEncoding = 4; lastKnownFileType = sourcecode.c.h; path = "UIView+VDConstraint.h"; sourceTree = "<group>"; };
		FE8565461D1149B400B72111 /* UIView+VDConstraint.m */ = {isa = PBXFileReference; fileEncoding = 4; lastKnownFileType = sourcecode.c.objc; path = "UIView+VDConstraint.m"; sourceTree = "<group>"; };
		FE8565471D1149B400B72111 /* UIView+VDEnhance.h */ = {isa = PBXFileReference; fileEncoding = 4; lastKnownFileType = sourcecode.c.h; path = "UIView+VDEnhance.h"; sourceTree = "<group>"; };
		FE8565481D1149B400B72111 /* UIView+VDEnhance.m */ = {isa = PBXFileReference; fileEncoding = 4; lastKnownFileType = sourcecode.c.objc; path = "UIView+VDEnhance.m"; sourceTree = "<group>"; };
		FE8565491D1149B400B72111 /* UIView+VDFrame.h */ = {isa = PBXFileReference; fileEncoding = 4; lastKnownFileType = sourcecode.c.h; path = "UIView+VDFrame.h"; sourceTree = "<group>"; };
		FE85654A1D1149B400B72111 /* UIView+VDFrame.m */ = {isa = PBXFileReference; fileEncoding = 4; lastKnownFileType = sourcecode.c.objc; path = "UIView+VDFrame.m"; sourceTree = "<group>"; };
		FE85654C1D1149B400B72111 /* UIViewController+VDEnhance.h */ = {isa = PBXFileReference; fileEncoding = 4; lastKnownFileType = sourcecode.c.h; path = "UIViewController+VDEnhance.h"; sourceTree = "<group>"; };
		FE85654D1D1149B400B72111 /* UIViewController+VDEnhance.m */ = {isa = PBXFileReference; fileEncoding = 4; lastKnownFileType = sourcecode.c.objc; path = "UIViewController+VDEnhance.m"; sourceTree = "<group>"; };
		FE85656B1D123B9900B72111 /* UIView+VDGesture.h */ = {isa = PBXFileReference; fileEncoding = 4; lastKnownFileType = sourcecode.c.h; path = "UIView+VDGesture.h"; sourceTree = "<group>"; };
		FE85656C1D123B9900B72111 /* UIView+VDGesture.m */ = {isa = PBXFileReference; fileEncoding = 4; lastKnownFileType = sourcecode.c.objc; path = "UIView+VDGesture.m"; sourceTree = "<group>"; };
		FE85656F1D12474F00B72111 /* VDRouter.h */ = {isa = PBXFileReference; fileEncoding = 4; lastKnownFileType = sourcecode.c.h; path = VDRouter.h; sourceTree = "<group>"; };
		FE8565701D12474F00B72111 /* VDRouter.m */ = {isa = PBXFileReference; fileEncoding = 4; lastKnownFileType = sourcecode.c.objc; path = VDRouter.m; sourceTree = "<group>"; };
		FE8565711D12474F00B72111 /* VDRouterNavigationViewController.h */ = {isa = PBXFileReference; fileEncoding = 4; lastKnownFileType = sourcecode.c.h; path = VDRouterNavigationViewController.h; sourceTree = "<group>"; };
		FE8565721D12474F00B72111 /* VDRouterNavigationViewController.m */ = {isa = PBXFileReference; fileEncoding = 4; lastKnownFileType = sourcecode.c.objc; path = VDRouterNavigationViewController.m; sourceTree = "<group>"; };
		FE8565751D12484000B72111 /* UIViewController+VDRouter.h */ = {isa = PBXFileReference; fileEncoding = 4; lastKnownFileType = sourcecode.c.h; path = "UIViewController+VDRouter.h"; sourceTree = "<group>"; };
		FE8565761D12484000B72111 /* UIViewController+VDRouter.m */ = {isa = PBXFileReference; fileEncoding = 4; lastKnownFileType = sourcecode.c.objc; path = "UIViewController+VDRouter.m"; sourceTree = "<group>"; };
		FE85657A1D12777A00B72111 /* VDFingerPrintViewController.h */ = {isa = PBXFileReference; fileEncoding = 4; lastKnownFileType = sourcecode.c.h; path = VDFingerPrintViewController.h; sourceTree = "<group>"; };
		FE85657B1D12777A00B72111 /* VDFingerPrintViewController.m */ = {isa = PBXFileReference; fileEncoding = 4; lastKnownFileType = sourcecode.c.objc; path = VDFingerPrintViewController.m; sourceTree = "<group>"; };
		FE85657E1D12834100B72111 /* VDHook.h */ = {isa = PBXFileReference; fileEncoding = 4; lastKnownFileType = sourcecode.c.h; path = VDHook.h; sourceTree = "<group>"; };
		FE85657F1D12834100B72111 /* VDHook.m */ = {isa = PBXFileReference; fileEncoding = 4; lastKnownFileType = sourcecode.c.objc; path = VDHook.m; sourceTree = "<group>"; };
		FE8565811D12892800B72111 /* Aspects.h */ = {isa = PBXFileReference; fileEncoding = 4; lastKnownFileType = sourcecode.c.h; path = Aspects.h; sourceTree = "<group>"; };
		FE8565821D12892800B72111 /* Aspects.m */ = {isa = PBXFileReference; fileEncoding = 4; lastKnownFileType = sourcecode.c.objc; path = Aspects.m; sourceTree = "<group>"; };
		FEA867051D12B0340059C59F /* VDHookRecorder.h */ = {isa = PBXFileReference; fileEncoding = 4; lastKnownFileType = sourcecode.c.h; path = VDHookRecorder.h; sourceTree = "<group>"; };
		FEA867061D12B0340059C59F /* VDHookRecorder.m */ = {isa = PBXFileReference; fileEncoding = 4; lastKnownFileType = sourcecode.c.objc; path = VDHookRecorder.m; sourceTree = "<group>"; };
		FEA867081D1383C50059C59F /* VDHookElement.h */ = {isa = PBXFileReference; fileEncoding = 4; lastKnownFileType = sourcecode.c.h; path = VDHookElement.h; sourceTree = "<group>"; };
		FEA867091D1383C50059C59F /* VDHookElement.m */ = {isa = PBXFileReference; fileEncoding = 4; lastKnownFileType = sourcecode.c.objc; path = VDHookElement.m; sourceTree = "<group>"; };
		FEA867141D13C2350059C59F /* VDHookInvocationInfo.h */ = {isa = PBXFileReference; fileEncoding = 4; lastKnownFileType = sourcecode.c.h; path = VDHookInvocationInfo.h; sourceTree = "<group>"; };
		FEA867151D13C2350059C59F /* VDHookInvocationInfo.m */ = {isa = PBXFileReference; fileEncoding = 4; lastKnownFileType = sourcecode.c.objc; path = VDHookInvocationInfo.m; sourceTree = "<group>"; };
		FED41B9C1D06AD0100A883AB /* objcTempUtilities.app */ = {isa = PBXFileReference; explicitFileType = wrapper.application; includeInIndex = 0; path = objcTempUtilities.app; sourceTree = BUILT_PRODUCTS_DIR; };
		FED41BA01D06AD0100A883AB /* main.m */ = {isa = PBXFileReference; lastKnownFileType = sourcecode.c.objc; path = main.m; sourceTree = "<group>"; };
		FED41BA21D06AD0100A883AB /* AppDelegate.h */ = {isa = PBXFileReference; lastKnownFileType = sourcecode.c.h; path = AppDelegate.h; sourceTree = "<group>"; };
		FED41BA31D06AD0100A883AB /* AppDelegate.m */ = {isa = PBXFileReference; lastKnownFileType = sourcecode.c.objc; path = AppDelegate.m; sourceTree = "<group>"; };
		FED41BA51D06AD0100A883AB /* ViewController.h */ = {isa = PBXFileReference; lastKnownFileType = sourcecode.c.h; path = ViewController.h; sourceTree = "<group>"; };
		FED41BA61D06AD0100A883AB /* ViewController.m */ = {isa = PBXFileReference; lastKnownFileType = sourcecode.c.objc; path = ViewController.m; sourceTree = "<group>"; };
		FED41BA91D06AD0100A883AB /* Base */ = {isa = PBXFileReference; lastKnownFileType = file.storyboard; name = Base; path = Base.lproj/Main.storyboard; sourceTree = "<group>"; };
		FED41BAB1D06AD0100A883AB /* Assets.xcassets */ = {isa = PBXFileReference; lastKnownFileType = folder.assetcatalog; path = Assets.xcassets; sourceTree = "<group>"; };
		FED41BAE1D06AD0100A883AB /* Base */ = {isa = PBXFileReference; lastKnownFileType = file.storyboard; name = Base; path = Base.lproj/LaunchScreen.storyboard; sourceTree = "<group>"; };
		FED41BB01D06AD0100A883AB /* Info.plist */ = {isa = PBXFileReference; lastKnownFileType = text.plist.xml; path = Info.plist; sourceTree = "<group>"; };
		FEE7D4F81D07BAE5008CEC98 /* objcTempUtilities.podspec */ = {isa = PBXFileReference; fileEncoding = 4; lastKnownFileType = text; path = objcTempUtilities.podspec; sourceTree = "<group>"; };
		FEE7D4F91D07BAE5008CEC98 /* README.md */ = {isa = PBXFileReference; fileEncoding = 4; lastKnownFileType = net.daringfireball.markdown; path = README.md; sourceTree = "<group>"; };
/* End PBXFileReference section */

/* Begin PBXFrameworksBuildPhase section */
		FED41B991D06AD0100A883AB /* Frameworks */ = {
			isa = PBXFrameworksBuildPhase;
			buildActionMask = 2147483647;
			files = (
			);
			runOnlyForDeploymentPostprocessing = 0;
		};
/* End PBXFrameworksBuildPhase section */

/* Begin PBXGroup section */
		FE615D391D20D0FC00AECD76 /* Socket */ = {
			isa = PBXGroup;
			children = (
				FE615D3A1D20D11C00AECD76 /* VDSocketClient.h */,
				FE615D3B1D20D11C00AECD76 /* VDSocketClient.m */,
			);
			path = Socket;
			sourceTree = "<group>";
		};
		FE85651A1D1149B400B72111 /* Classes */ = {
			isa = PBXGroup;
			children = (
				FE615D391D20D0FC00AECD76 /* Socket */,
				FE85657D1D12830B00B72111 /* Hook */,
				FE85651B1D1149B400B72111 /* CALayer */,
				FE8565791D12776B00B72111 /* FingerPrint */,
				FE85651E1D1149B400B72111 /* Macros */,
				FE8565201D1149B400B72111 /* NSDictionary */,
				FE8565231D1149B400B72111 /* NSObject */,
				FE8565261D1149B400B72111 /* NSOperation */,
				FE8565291D1149B400B72111 /* NSString */,
				FE85656E1D12474F00B72111 /* Router */,
				FE8565301D1149B400B72111 /* UIApplication */,
				FE8565331D1149B400B72111 /* UICollectionViewCell */,
				FE8565361D1149B400B72111 /* UIColor */,
				FE8565391D1149B400B72111 /* UIImage */,
				FE85653C1D1149B400B72111 /* UILabel */,
				FE8565411D1149B400B72111 /* UIScrollView */,
				FE8565441D1149B400B72111 /* UIView */,
				FE85654B1D1149B400B72111 /* UIViewController */,
			);
			path = Classes;
			sourceTree = "<group>";
		};
		FE85651B1D1149B400B72111 /* CALayer */ = {
			isa = PBXGroup;
			children = (
				FE85651C1D1149B400B72111 /* CALayer+VDEnhance.h */,
				FE85651D1D1149B400B72111 /* CALayer+VDEnhance.m */,
			);
			path = CALayer;
			sourceTree = "<group>";
		};
		FE85651E1D1149B400B72111 /* Macros */ = {
			isa = PBXGroup;
			children = (
				FE85651F1D1149B400B72111 /* VDMacros.h */,
			);
			path = Macros;
			sourceTree = "<group>";
		};
		FE8565201D1149B400B72111 /* NSDictionary */ = {
			isa = PBXGroup;
			children = (
				FE8565211D1149B400B72111 /* NSDictionary+VDEnhance.h */,
				FE8565221D1149B400B72111 /* NSDictionary+VDEnhance.m */,
			);
			path = NSDictionary;
			sourceTree = "<group>";
		};
		FE8565231D1149B400B72111 /* NSObject */ = {
			isa = PBXGroup;
			children = (
				FE8565241D1149B400B72111 /* NSObject+VDEnhance.h */,
				FE8565251D1149B400B72111 /* NSObject+VDEnhance.m */,
			);
			path = NSObject;
			sourceTree = "<group>";
		};
		FE8565261D1149B400B72111 /* NSOperation */ = {
			isa = PBXGroup;
			children = (
				FE8565271D1149B400B72111 /* VDDelayOperation.h */,
				FE8565281D1149B400B72111 /* VDDelayOperation.m */,
			);
			path = NSOperation;
			sourceTree = "<group>";
		};
		FE8565291D1149B400B72111 /* NSString */ = {
			isa = PBXGroup;
			children = (
				FE85652A1D1149B400B72111 /* NSString+VDEnhance.h */,
				FE85652B1D1149B400B72111 /* NSString+VDEnhance.m */,
				FE85652C1D1149B400B72111 /* NSString+VDJavaScript.h */,
				FE85652D1D1149B400B72111 /* NSString+VDJavaScript.m */,
				FE85652E1D1149B400B72111 /* NSString+VDRegex.h */,
				FE85652F1D1149B400B72111 /* NSString+VDRegex.m */,
			);
			path = NSString;
			sourceTree = "<group>";
		};
		FE8565301D1149B400B72111 /* UIApplication */ = {
			isa = PBXGroup;
			children = (
				FE8565311D1149B400B72111 /* UIApplication+VDEnhance.h */,
				FE8565321D1149B400B72111 /* UIApplication+VDEnhance.m */,
			);
			path = UIApplication;
			sourceTree = "<group>";
		};
		FE8565331D1149B400B72111 /* UICollectionViewCell */ = {
			isa = PBXGroup;
			children = (
				FE8565341D1149B400B72111 /* UICollectionViewCell+VDEnhance.h */,
				FE8565351D1149B400B72111 /* UICollectionViewCell+VDEnhance.m */,
			);
			path = UICollectionViewCell;
			sourceTree = "<group>";
		};
		FE8565361D1149B400B72111 /* UIColor */ = {
			isa = PBXGroup;
			children = (
				FE8565371D1149B400B72111 /* UIColor+VDEnhance.h */,
				FE8565381D1149B400B72111 /* UIColor+VDEnhance.m */,
			);
			path = UIColor;
			sourceTree = "<group>";
		};
		FE8565391D1149B400B72111 /* UIImage */ = {
			isa = PBXGroup;
			children = (
				FE85653A1D1149B400B72111 /* UIImage+VDEnhance.h */,
				FE85653B1D1149B400B72111 /* UIImage+VDEnhance.m */,
			);
			path = UIImage;
			sourceTree = "<group>";
		};
		FE85653C1D1149B400B72111 /* UILabel */ = {
			isa = PBXGroup;
			children = (
				FE85653D1D1149B400B72111 /* UILabel+VDEnhance.h */,
				FE85653E1D1149B400B72111 /* UILabel+VDEnhance.m */,
				FE85653F1D1149B400B72111 /* UILabel+VDVerticalAlignment.h */,
				FE8565401D1149B400B72111 /* UILabel+VDVerticalAlignment.m */,
			);
			path = UILabel;
			sourceTree = "<group>";
		};
		FE8565411D1149B400B72111 /* UIScrollView */ = {
			isa = PBXGroup;
			children = (
				FE8565421D1149B400B72111 /* UIScrollView+VDEnhance.h */,
				FE8565431D1149B400B72111 /* UIScrollView+VDEnhance.m */,
			);
			path = UIScrollView;
			sourceTree = "<group>";
		};
		FE8565441D1149B400B72111 /* UIView */ = {
			isa = PBXGroup;
			children = (
				FE8565451D1149B400B72111 /* UIView+VDConstraint.h */,
				FE8565461D1149B400B72111 /* UIView+VDConstraint.m */,
				FE8565471D1149B400B72111 /* UIView+VDEnhance.h */,
				FE8565481D1149B400B72111 /* UIView+VDEnhance.m */,
				FE8565491D1149B400B72111 /* UIView+VDFrame.h */,
				FE85654A1D1149B400B72111 /* UIView+VDFrame.m */,
				FE85656B1D123B9900B72111 /* UIView+VDGesture.h */,
				FE85656C1D123B9900B72111 /* UIView+VDGesture.m */,
			);
			path = UIView;
			sourceTree = "<group>";
		};
		FE85654B1D1149B400B72111 /* UIViewController */ = {
			isa = PBXGroup;
			children = (
				FE85654C1D1149B400B72111 /* UIViewController+VDEnhance.h */,
				FE85654D1D1149B400B72111 /* UIViewController+VDEnhance.m */,
			);
			path = UIViewController;
			sourceTree = "<group>";
		};
		FE85656E1D12474F00B72111 /* Router */ = {
			isa = PBXGroup;
			children = (
				FE85656F1D12474F00B72111 /* VDRouter.h */,
				FE8565701D12474F00B72111 /* VDRouter.m */,
				FE8565711D12474F00B72111 /* VDRouterNavigationViewController.h */,
				FE8565721D12474F00B72111 /* VDRouterNavigationViewController.m */,
				FE8565751D12484000B72111 /* UIViewController+VDRouter.h */,
				FE8565761D12484000B72111 /* UIViewController+VDRouter.m */,
			);
			path = Router;
			sourceTree = "<group>";
		};
		FE8565791D12776B00B72111 /* FingerPrint */ = {
			isa = PBXGroup;
			children = (
				FE85657A1D12777A00B72111 /* VDFingerPrintViewController.h */,
				FE85657B1D12777A00B72111 /* VDFingerPrintViewController.m */,
			);
			path = FingerPrint;
			sourceTree = "<group>";
		};
		FE85657D1D12830B00B72111 /* Hook */ = {
			isa = PBXGroup;
			children = (
				FE85657E1D12834100B72111 /* VDHook.h */,
				FE85657F1D12834100B72111 /* VDHook.m */,
				FEA867051D12B0340059C59F /* VDHookRecorder.h */,
				FEA867061D12B0340059C59F /* VDHookRecorder.m */,
				FEA867081D1383C50059C59F /* VDHookElement.h */,
				FEA867091D1383C50059C59F /* VDHookElement.m */,
				FEA867141D13C2350059C59F /* VDHookInvocationInfo.h */,
				FEA867151D13C2350059C59F /* VDHookInvocationInfo.m */,
				FE615D121D1D359600AECD76 /* NSObject+VDHook.h */,
				FE615D131D1D359600AECD76 /* NSObject+VDHook.m */,
			);
			path = Hook;
			sourceTree = "<group>";
		};
		FED41B931D06AD0100A883AB = {
			isa = PBXGroup;
			children = (
				FED41B9E1D06AD0100A883AB /* objcTempUtilities */,
				FED41B9D1D06AD0100A883AB /* Products */,
				FED41BB71D06AD2500A883AB /* Pod */,
				FEE7D4F81D07BAE5008CEC98 /* objcTempUtilities.podspec */,
				FEE7D4F91D07BAE5008CEC98 /* README.md */,
			);
			sourceTree = "<group>";
		};
		FED41B9D1D06AD0100A883AB /* Products */ = {
			isa = PBXGroup;
			children = (
				FED41B9C1D06AD0100A883AB /* objcTempUtilities.app */,
			);
			name = Products;
			sourceTree = "<group>";
		};
		FED41B9E1D06AD0100A883AB /* objcTempUtilities */ = {
			isa = PBXGroup;
			children = (
				FE8565811D12892800B72111 /* Aspects.h */,
				FE8565821D12892800B72111 /* Aspects.m */,
				FED41BA21D06AD0100A883AB /* AppDelegate.h */,
				FED41BA31D06AD0100A883AB /* AppDelegate.m */,
				FED41BA51D06AD0100A883AB /* ViewController.h */,
				FED41BA61D06AD0100A883AB /* ViewController.m */,
				FED41BA81D06AD0100A883AB /* Main.storyboard */,
				FED41BAB1D06AD0100A883AB /* Assets.xcassets */,
				FED41BAD1D06AD0100A883AB /* LaunchScreen.storyboard */,
				FED41BB01D06AD0100A883AB /* Info.plist */,
				FED41B9F1D06AD0100A883AB /* Supporting Files */,
			);
			path = objcTempUtilities;
			sourceTree = "<group>";
		};
		FED41B9F1D06AD0100A883AB /* Supporting Files */ = {
			isa = PBXGroup;
			children = (
				FED41BA01D06AD0100A883AB /* main.m */,
			);
			name = "Supporting Files";
			sourceTree = "<group>";
		};
		FED41BB71D06AD2500A883AB /* Pod */ = {
			isa = PBXGroup;
			children = (
				FED41BB81D06AD2500A883AB /* Assets */,
				FE85651A1D1149B400B72111 /* Classes */,
			);
			path = Pod;
			sourceTree = "<group>";
		};
		FED41BB81D06AD2500A883AB /* Assets */ = {
			isa = PBXGroup;
			children = (
			);
			path = Assets;
			sourceTree = "<group>";
		};
/* End PBXGroup section */

/* Begin PBXNativeTarget section */
		FED41B9B1D06AD0100A883AB /* objcTempUtilities */ = {
			isa = PBXNativeTarget;
			buildConfigurationList = FED41BB31D06AD0100A883AB /* Build configuration list for PBXNativeTarget "objcTempUtilities" */;
			buildPhases = (
				FED41B981D06AD0100A883AB /* Sources */,
				FED41B991D06AD0100A883AB /* Frameworks */,
				FED41B9A1D06AD0100A883AB /* Resources */,
			);
			buildRules = (
			);
			dependencies = (
			);
			name = objcTempUtilities;
			productName = objcTempUtilities;
			productReference = FED41B9C1D06AD0100A883AB /* objcTempUtilities.app */;
			productType = "com.apple.product-type.application";
		};
/* End PBXNativeTarget section */

/* Begin PBXProject section */
		FED41B941D06AD0100A883AB /* Project object */ = {
			isa = PBXProject;
			attributes = {
				LastUpgradeCheck = 0730;
				ORGANIZATIONNAME = vilyever;
				TargetAttributes = {
					FED41B9B1D06AD0100A883AB = {
						CreatedOnToolsVersion = 7.3.1;
						DevelopmentTeam = RCG7DT556Q;
					};
				};
			};
			buildConfigurationList = FED41B971D06AD0100A883AB /* Build configuration list for PBXProject "objcTempUtilities" */;
			compatibilityVersion = "Xcode 3.2";
			developmentRegion = English;
			hasScannedForEncodings = 0;
			knownRegions = (
				en,
				Base,
			);
			mainGroup = FED41B931D06AD0100A883AB;
			productRefGroup = FED41B9D1D06AD0100A883AB /* Products */;
			projectDirPath = "";
			projectRoot = "";
			targets = (
				FED41B9B1D06AD0100A883AB /* objcTempUtilities */,
			);
		};
/* End PBXProject section */

/* Begin PBXResourcesBuildPhase section */
		FED41B9A1D06AD0100A883AB /* Resources */ = {
			isa = PBXResourcesBuildPhase;
			buildActionMask = 2147483647;
			files = (
				FED41BAF1D06AD0100A883AB /* LaunchScreen.storyboard in Resources */,
				FEE7D4FA1D07BAE5008CEC98 /* objcTempUtilities.podspec in Resources */,
				FED41BAC1D06AD0100A883AB /* Assets.xcassets in Resources */,
				FED41BAA1D06AD0100A883AB /* Main.storyboard in Resources */,
			);
			runOnlyForDeploymentPostprocessing = 0;
		};
/* End PBXResourcesBuildPhase section */

/* Begin PBXSourcesBuildPhase section */
		FED41B981D06AD0100A883AB /* Sources */ = {
			isa = PBXSourcesBuildPhase;
			buildActionMask = 2147483647;
			files = (
				FE85657C1D12777A00B72111 /* VDFingerPrintViewController.m in Sources */,
				FED41BA71D06AD0100A883AB /* ViewController.m in Sources */,
				FEA867161D13C2350059C59F /* VDHookInvocationInfo.m in Sources */,
				FE85655E1D1149B400B72111 /* UIView+VDEnhance.m in Sources */,
				FE85655D1D1149B400B72111 /* UIView+VDConstraint.m in Sources */,
				FE8565601D1149B400B72111 /* UIViewController+VDEnhance.m in Sources */,
				FE8565551D1149B400B72111 /* NSString+VDRegex.m in Sources */,
				FED41BA41D06AD0100A883AB /* AppDelegate.m in Sources */,
				FE85655A1D1149B400B72111 /* UILabel+VDEnhance.m in Sources */,
				FEA8670A1D1383C50059C59F /* VDHookElement.m in Sources */,
				FE85656D1D123B9900B72111 /* UIView+VDGesture.m in Sources */,
				FE8565731D12474F00B72111 /* VDRouter.m in Sources */,
				FE8565741D12474F00B72111 /* VDRouterNavigationViewController.m in Sources */,
				FE85655C1D1149B400B72111 /* UIScrollView+VDEnhance.m in Sources */,
				FE8565771D12484000B72111 /* UIViewController+VDRouter.m in Sources */,
				FED41BA11D06AD0100A883AB /* main.m in Sources */,
				FE615D141D1D359600AECD76 /* NSObject+VDHook.m in Sources */,
				FE8565501D1149B400B72111 /* NSDictionary+VDEnhance.m in Sources */,
				FE85654F1D1149B400B72111 /* CALayer+VDEnhance.m in Sources */,
				FE8565511D1149B400B72111 /* NSObject+VDEnhance.m in Sources */,
				FE8565591D1149B400B72111 /* UIImage+VDEnhance.m in Sources */,
				FE8565801D12834100B72111 /* VDHook.m in Sources */,
				FEE7D4FB1D07BAE5008CEC98 /* README.md in Sources */,
				FE615D3C1D20D11C00AECD76 /* VDSocketClient.m in Sources */,
				FE8565581D1149B400B72111 /* UIColor+VDEnhance.m in Sources */,
				FE8565521D1149B400B72111 /* VDDelayOperation.m in Sources */,
				FEA867071D12B0340059C59F /* VDHookRecorder.m in Sources */,
				FE8565831D12892800B72111 /* Aspects.m in Sources */,
				FE8565571D1149B400B72111 /* UICollectionViewCell+VDEnhance.m in Sources */,
				FE85655F1D1149B400B72111 /* UIView+VDFrame.m in Sources */,
				FE8565561D1149B400B72111 /* UIApplication+VDEnhance.m in Sources */,
				FE8565541D1149B400B72111 /* NSString+VDJavaScript.m in Sources */,
				FE8565531D1149B400B72111 /* NSString+VDEnhance.m in Sources */,
				FE85655B1D1149B400B72111 /* UILabel+VDVerticalAlignment.m in Sources */,
			);
			runOnlyForDeploymentPostprocessing = 0;
		};
/* End PBXSourcesBuildPhase section */

/* Begin PBXVariantGroup section */
		FED41BA81D06AD0100A883AB /* Main.storyboard */ = {
			isa = PBXVariantGroup;
			children = (
				FED41BA91D06AD0100A883AB /* Base */,
			);
			name = Main.storyboard;
			sourceTree = "<group>";
		};
		FED41BAD1D06AD0100A883AB /* LaunchScreen.storyboard */ = {
			isa = PBXVariantGroup;
			children = (
				FED41BAE1D06AD0100A883AB /* Base */,
			);
			name = LaunchScreen.storyboard;
			sourceTree = "<group>";
		};
/* End PBXVariantGroup section */

/* Begin XCBuildConfiguration section */
		FED41BB11D06AD0100A883AB /* Debug */ = {
			isa = XCBuildConfiguration;
			buildSettings = {
				ALWAYS_SEARCH_USER_PATHS = NO;
				CLANG_ANALYZER_NONNULL = YES;
				CLANG_CXX_LANGUAGE_STANDARD = "gnu++0x";
				CLANG_CXX_LIBRARY = "libc++";
				CLANG_ENABLE_MODULES = YES;
				CLANG_ENABLE_OBJC_ARC = YES;
				CLANG_WARN_BOOL_CONVERSION = YES;
				CLANG_WARN_CONSTANT_CONVERSION = YES;
				CLANG_WARN_DIRECT_OBJC_ISA_USAGE = YES_ERROR;
				CLANG_WARN_EMPTY_BODY = YES;
				CLANG_WARN_ENUM_CONVERSION = YES;
				CLANG_WARN_INT_CONVERSION = YES;
				CLANG_WARN_OBJC_ROOT_CLASS = YES_ERROR;
				CLANG_WARN_UNREACHABLE_CODE = YES;
				CLANG_WARN__DUPLICATE_METHOD_MATCH = YES;
				"CODE_SIGN_IDENTITY[sdk=iphoneos*]" = "iPhone Developer";
				COPY_PHASE_STRIP = NO;
				DEBUG_INFORMATION_FORMAT = dwarf;
				ENABLE_STRICT_OBJC_MSGSEND = YES;
				ENABLE_TESTABILITY = YES;
				GCC_C_LANGUAGE_STANDARD = gnu99;
				GCC_DYNAMIC_NO_PIC = NO;
				GCC_NO_COMMON_BLOCKS = YES;
				GCC_OPTIMIZATION_LEVEL = 0;
				GCC_PREPROCESSOR_DEFINITIONS = (
					"DEBUG=1",
					"$(inherited)",
				);
				GCC_WARN_64_TO_32_BIT_CONVERSION = YES;
				GCC_WARN_ABOUT_RETURN_TYPE = YES_ERROR;
				GCC_WARN_UNDECLARED_SELECTOR = YES;
				GCC_WARN_UNINITIALIZED_AUTOS = YES_AGGRESSIVE;
				GCC_WARN_UNUSED_FUNCTION = YES;
				GCC_WARN_UNUSED_VARIABLE = YES;
				IPHONEOS_DEPLOYMENT_TARGET = 9.3;
				MTL_ENABLE_DEBUG_INFO = YES;
				ONLY_ACTIVE_ARCH = YES;
				SDKROOT = iphoneos;
				TARGETED_DEVICE_FAMILY = "1,2";
			};
			name = Debug;
		};
		FED41BB21D06AD0100A883AB /* Release */ = {
			isa = XCBuildConfiguration;
			buildSettings = {
				ALWAYS_SEARCH_USER_PATHS = NO;
				CLANG_ANALYZER_NONNULL = YES;
				CLANG_CXX_LANGUAGE_STANDARD = "gnu++0x";
				CLANG_CXX_LIBRARY = "libc++";
				CLANG_ENABLE_MODULES = YES;
				CLANG_ENABLE_OBJC_ARC = YES;
				CLANG_WARN_BOOL_CONVERSION = YES;
				CLANG_WARN_CONSTANT_CONVERSION = YES;
				CLANG_WARN_DIRECT_OBJC_ISA_USAGE = YES_ERROR;
				CLANG_WARN_EMPTY_BODY = YES;
				CLANG_WARN_ENUM_CONVERSION = YES;
				CLANG_WARN_INT_CONVERSION = YES;
				CLANG_WARN_OBJC_ROOT_CLASS = YES_ERROR;
				CLANG_WARN_UNREACHABLE_CODE = YES;
				CLANG_WARN__DUPLICATE_METHOD_MATCH = YES;
				"CODE_SIGN_IDENTITY[sdk=iphoneos*]" = "iPhone Developer";
				COPY_PHASE_STRIP = NO;
				DEBUG_INFORMATION_FORMAT = "dwarf-with-dsym";
				ENABLE_NS_ASSERTIONS = NO;
				ENABLE_STRICT_OBJC_MSGSEND = YES;
				GCC_C_LANGUAGE_STANDARD = gnu99;
				GCC_NO_COMMON_BLOCKS = YES;
				GCC_WARN_64_TO_32_BIT_CONVERSION = YES;
				GCC_WARN_ABOUT_RETURN_TYPE = YES_ERROR;
				GCC_WARN_UNDECLARED_SELECTOR = YES;
				GCC_WARN_UNINITIALIZED_AUTOS = YES_AGGRESSIVE;
				GCC_WARN_UNUSED_FUNCTION = YES;
				GCC_WARN_UNUSED_VARIABLE = YES;
				IPHONEOS_DEPLOYMENT_TARGET = 9.3;
				MTL_ENABLE_DEBUG_INFO = NO;
				SDKROOT = iphoneos;
				TARGETED_DEVICE_FAMILY = "1,2";
				VALIDATE_PRODUCT = YES;
			};
			name = Release;
		};
		FED41BB41D06AD0100A883AB /* Debug */ = {
			isa = XCBuildConfiguration;
			buildSettings = {
				ALWAYS_SEARCH_USER_PATHS = YES;
				ASSETCATALOG_COMPILER_APPICON_NAME = AppIcon;
				CODE_SIGN_IDENTITY = "iPhone Developer";
				"CODE_SIGN_IDENTITY[sdk=iphoneos*]" = "iPhone Developer";
				INFOPLIST_FILE = objcTempUtilities/Info.plist;
				LD_RUNPATH_SEARCH_PATHS = "$(inherited) @executable_path/Frameworks";
				PRODUCT_BUNDLE_IDENTIFIER = vilyever.tttest;
				PRODUCT_NAME = "$(TARGET_NAME)";
				PROVISIONING_PROFILE = "";
			};
			name = Debug;
		};
		FED41BB51D06AD0100A883AB /* Release */ = {
			isa = XCBuildConfiguration;
			buildSettings = {
				ALWAYS_SEARCH_USER_PATHS = YES;
				ASSETCATALOG_COMPILER_APPICON_NAME = AppIcon;
				CODE_SIGN_IDENTITY = "iPhone Developer";
				"CODE_SIGN_IDENTITY[sdk=iphoneos*]" = "iPhone Developer";
				INFOPLIST_FILE = objcTempUtilities/Info.plist;
				LD_RUNPATH_SEARCH_PATHS = "$(inherited) @executable_path/Frameworks";
				PRODUCT_BUNDLE_IDENTIFIER = vilyever.tttest;
				PRODUCT_NAME = "$(TARGET_NAME)";
				PROVISIONING_PROFILE = "";
			};
			name = Release;
		};
/* End XCBuildConfiguration section */

/* Begin XCConfigurationList section */
		FED41B971D06AD0100A883AB /* Build configuration list for PBXProject "objcTempUtilities" */ = {
			isa = XCConfigurationList;
			buildConfigurations = (
				FED41BB11D06AD0100A883AB /* Debug */,
				FED41BB21D06AD0100A883AB /* Release */,
			);
			defaultConfigurationIsVisible = 0;
			defaultConfigurationName = Release;
		};
		FED41BB31D06AD0100A883AB /* Build configuration list for PBXNativeTarget "objcTempUtilities" */ = {
			isa = XCConfigurationList;
			buildConfigurations = (
				FED41BB41D06AD0100A883AB /* Debug */,
				FED41BB51D06AD0100A883AB /* Release */,
			);
			defaultConfigurationIsVisible = 0;
			defaultConfigurationName = Release;
		};
/* End XCConfigurationList section */
	};
	rootObject = FED41B941D06AD0100A883AB /* Project object */;
}
